
Microsoft Visual Studio Solution File, Format Version 11.00
# Visual Studio 2010
Project("{FAE04EC0-301F-11D3-BF4B-00C04F79EFBC}") = "summr_shootr", "Assembly-CSharp-firstpass.csproj", "{CF788988-F6A3-6C42-E525-AAB8CF75EB7D}"
EndProject
Project("{FAE04EC0-301F-11D3-BF4B-00C04F79EFBC}") = "summr_shootr", "Assembly-CSharp.csproj", "{749136C9-EA60-ABE9-DAFF-589AD9B9830E}"
EndProject
Project("{FAE04EC0-301F-11D3-BF4B-00C04F79EFBC}") = "summr_shootr", "Assembly-CSharp-Editor-firstpass.csproj", "{0080CBEE-DCF6-830B-B529-74CA2E90C0E1}"
EndProject
Global
	GlobalSection(SolutionConfigurationPlatforms) = preSolution
		Debug|Any CPU = Debug|Any CPU
		Release|Any CPU = Release|Any CPU
	EndGlobalSection
	GlobalSection(ProjectConfigurationPlatforms) = postSolution
		{CF788988-F6A3-6C42-E525-AAB8CF75EB7D}.Debug|Any CPU.ActiveCfg = Debug|Any CPU
		{CF788988-F6A3-6C42-E525-AAB8CF75EB7D}.Debug|Any CPU.Build.0 = Debug|Any CPU
		{CF788988-F6A3-6C42-E525-AAB8CF75EB7D}.Release|Any CPU.ActiveCfg = Release|Any CPU
		{CF788988-F6A3-6C42-E525-AAB8CF75EB7D}.Release|Any CPU.Build.0 = Release|Any CPU
		{749136C9-EA60-ABE9-DAFF-589AD9B9830E}.Debug|Any CPU.ActiveCfg = Debug|Any CPU
		{749136C9-EA60-ABE9-DAFF-589AD9B9830E}.Debug|Any CPU.Build.0 = Debug|Any CPU
		{749136C9-EA60-ABE9-DAFF-589AD9B9830E}.Release|Any CPU.ActiveCfg = Release|Any CPU
		{749136C9-EA60-ABE9-DAFF-589AD9B9830E}.Release|Any CPU.Build.0 = Release|Any CPU
		{0080CBEE-DCF6-830B-B529-74CA2E90C0E1}.Debug|Any CPU.ActiveCfg = Debug|Any CPU
		{0080CBEE-DCF6-830B-B529-74CA2E90C0E1}.Debug|Any CPU.Build.0 = Debug|Any CPU
		{0080CBEE-DCF6-830B-B529-74CA2E90C0E1}.Release|Any CPU.ActiveCfg = Release|Any CPU
		{0080CBEE-DCF6-830B-B529-74CA2E90C0E1}.Release|Any CPU.Build.0 = Release|Any CPU
	EndGlobalSection
	GlobalSection(SolutionProperties) = preSolution
		HideSolutionNode = FALSE
	EndGlobalSection
	GlobalSection(MonoDevelopProperties) = preSolution
		StartupItem = Assembly-CSharp.csproj
	EndGlobalSection
EndGlobal
